{
  "originHash" : "8a802b1348afce384c403bf19ef143df6f2f7aab4f58996947ab4b94b39b39e7",
  "pins" : [
    {
      "identity" : "grdb.swift",
      "kind" : "remoteSourceControl",
      "location" : "https://github.com/groue/GRDB.swift",
      "state" : {
        "revision" : "b83108d10f42680d78f23fe4d4d80fc88dab3212",
        "version" : "7.11.1"
      }
    },
    {
      "identity" : "swift-secp256k1",
      "kind" : "remoteSourceControl",
      "location" : "https://github.com/21-DOT-DEV/swift-secp256k1",
      "state" : {
        "revision" : "e70a10e036a55fffea31568f0af92d69b6d449cd",
        "version" : "0.23.2"
      }
    }
  ],
  "version" : 3
}
